<?xml version="1.0" encoding="utf-8"?>
<Project ToolsVersion="4.0" xmlns="http://schemas.microsoft.com/developer/msbuild/2003">
  <ItemGroup>
    <ClCompile Include="$(MSBuildThisFileDirectory)..\..\lib\native\src\gtest\gtest-all.cc" />
    <ClCompile Include="$(MSBuildThisFileDirectory)..\..\lib\native\src\gmock\gmock-all.cc" />
    <ClCompile Include="applicationclientTest.cpp">
      <Filter>Source Files</Filter>
    </ClCompile>
    <ClCompile Include="clientTest.cpp">
      <Filter>Source Files</Filter>
    </ClCompile>
    <ClCompile Include="sharedTest.cpp">
      <Filter>Source Files</Filter>
    </ClCompile>
    <ClCompile Include="socketsTest.cpp">
      <Filter>Source Files</Filter>
    </ClCompile>
    <ClCompile Include="threadpoolTest.cpp">
      <Filter>Source Files</Filter>
    </ClCompile>
    <ClCompile Include="requeststateTest.cpp">
      <Filter>Source Files</Filter>
    </ClCompile>
    <ClCompile Include="serverTest.cpp">
      <Filter>Source Files</Filter>
    </ClCompile>
    <ClCompile Include="objectTest.cpp">
      <Filter>Source Files</Filter>
    </ClCompile>
    <ClCompile Include="applicationserverTest.cpp">
      <Filter>Source Files</Filter>
    </ClCompile>
  </ItemGroup>
  <ItemGroup>
    <None Include="packages.config" />
  </ItemGroup>
  <ItemGroup>
    <Filter Include="Header Files">
      <UniqueIdentifier>{bc9f796e-2af7-4164-9b4b-6cd9d1fcc355}</UniqueIdentifier>
    </Filter>
    <Filter Include="Source Files">
      <UniqueIdentifier>{d7228c5a-4041-4843-b97a-aea12f43cbda}</UniqueIdentifier>
    </Filter>
  </ItemGroup>
  <ItemGroup>
    <ClInclude Include="socketCallsMock.hpp">
      <Filter>Header Files</Filter>
    </ClInclude>
  </ItemGroup>
</Project>